
Microsoft Visual Studio Solution File, Format Version 12.00
# Visual Studio Version 17
VisualStudioVersion = 17.9.34622.214
MinimumVisualStudioVersion = 10.0.40219.1
Project("{FAE04EC0-301F-11D3-BF4B-00C04F79EFBC}") = "SharkStyleApi", "SharkStyleApi.csproj", "{1EAE86C7-849B-483F-8AA9-3F2CC4A8B3D3}"
EndProject
Project("{FAE04EC0-301F-11D3-BF4B-00C04F79EFBC}") = "Library", "..\Library\Library.csproj", "{A18EC541-F27F-4F06-8123-D6E7B343A43E}"
EndProject
Global
	GlobalSection(SolutionConfigurationPlatforms) = preSolution
		Debug|Any CPU = Debug|Any CPU
		Release|Any CPU = Release|Any CPU
	EndGlobalSection
	GlobalSection(ProjectConfigurationPlatforms) = postSolution
		{1EAE86C7-849B-483F-8AA9-3F2CC4A8B3D3}.Debug|Any CPU.ActiveCfg = Debug|Any CPU
		{1EAE86C7-849B-483F-8AA9-3F2CC4A8B3D3}.Debug|Any CPU.Build.0 = Debug|Any CPU
		{1EAE86C7-849B-483F-8AA9-3F2CC4A8B3D3}.Release|Any CPU.ActiveCfg = Release|Any CPU
		{1EAE86C7-849B-483F-8AA9-3F2CC4A8B3D3}.Release|Any CPU.Build.0 = Release|Any CPU
		{A18EC541-F27F-4F06-8123-D6E7B343A43E}.Debug|Any CPU.ActiveCfg = Debug|Any CPU
		{A18EC541-F27F-4F06-8123-D6E7B343A43E}.Debug|Any CPU.Build.0 = Debug|Any CPU
		{A18EC541-F27F-4F06-8123-D6E7B343A43E}.Release|Any CPU.ActiveCfg = Release|Any CPU
		{A18EC541-F27F-4F06-8123-D6E7B343A43E}.Release|Any CPU.Build.0 = Release|Any CPU
	EndGlobalSection
	GlobalSection(SolutionProperties) = preSolution
		HideSolutionNode = FALSE
	EndGlobalSection
	GlobalSection(ExtensibilityGlobals) = postSolution
		SolutionGuid = {831F7894-4F52-447F-AE27-A7EC66FA9634}
	EndGlobalSection
EndGlobal
